{
  "name": "zeffree-github-io",
  "version": "1.0.0",
  "lockfileVersion": 3,
  "requires": true,
  "packages": {
    "": {
      "name": "zeffree-github-io",
      "version": "1.0.0",
      "devDependencies": {
        "@axe-core/playwright": "4.13.0",
        "@playwright/test": "1.63.0",
        "http-server": "14.1.1",
        "sharp": "0.35.4"
      },
      "engines": {
        "node": ">=22"
      }
    },
    "node_modules/@axe-core/playwright": {
      "version": "4.13.0",
      "resolved": "https://ms-feed-25.pkgs.visualstudio.com/1es-public/_packaging/npm-public/npm/registry/@axe-core/playwright/-/playwright-4.13.0.tgz",
      "integrity": "sha1-SCZGfJYi3ybw11tMF0fI2S7lmd4=",
      "dev": true,
      "license": "MPL-2.0",
      "dependencies": {
        "axe-core": "~4.13.0"
      },
      "peerDependencies": {
        "playwright-core": ">= 1.0.0"
      }
    },
    "node_modules/@emnapi/runtime": {
      "version": "1.11.3",
      "resolved": "https://ms-feed-25.pkgs.visualstudio.com/1es-public/_packaging/npm-public/npm/registry/@emnapi/runtime/-/runtime-1.11.3.tgz",
      "integrity": "sha1-hCV647BTHrKuwf+iPXBwDaAHupU=",
      "dev": true,
      "license": "MIT",
      "optional": true,
      "dependencies": {
        "tslib": "^2.4.0"
      }
    },
    "node_modules/@img/colour": {
      "version": "1.1.0",
      "resolved": "https://ms-feed-25.pkgs.visualstudio.com/1es-public/_packaging/npm-public/npm/registry/@img/colour/-/colour-1.1.0.tgz",
      "integrity": "sha1-sMLC+mYa33Xv/WtJZEl82AAQu50=",
      "dev": true,
      "license": "MIT",
      "engines": {
        "node": ">=18"
      }
    },
    "node_modules/@img/sharp-darwin-arm64": {
      "version": "0.35.4",
      "resolved": "https://ms-feed-25.pkgs.visualstudio.com/1es-public/_packaging/npm-public/npm/registry/@img/sharp-darwin-arm64/-/sharp-darwin-arm64-0.35.4.tgz",
      "integrity": "sha1-vBCyYt4vyACIAT9fmYKY0ciQn78=",
      "cpu": [
        "arm64"
      ],
      "dev": true,
      "license": "Apache-2.0",
      "optional": true,
      "os": [
        "darwin"
      ],
      "engines": {
        "node": ">=20.9.0"
      },
      "funding": {
        "url": "https://opencollective.com/libvips"
      },
      "optionalDependencies": {
        "@img/sharp-libvips-darwin-arm64": "1.3.3"
      }
    },
    "node_modules/@img/sharp-darwin-x64": {
      "version": "0.35.4",
      "resolved": "https://ms-feed-25.pkgs.visualstudio.com/1es-public/_packaging/npm-public/npm/registry/@img/sharp-darwin-x64/-/sharp-darwin-x64-0.35.4.tgz",
      "integrity": "sha1-dsSf8E+z+dhGsNBXWEG37lm+7Gg=",
      "cpu": [
        "x64"
      ],
      "dev": true,
      "license": "Apache-2.0",
      "optional": true,
      "os": [
        "darwin"
      ],
      "engines": {
        "node": ">=20.9.0"
      },
      "funding": {
        "url": "https://opencollective.com/libvips"
      },
      "optionalDependencies": {
        "@img/sharp-libvips-darwin-x64": "1.3.3"
      }
    },
    "node_modules/@img/sharp-freebsd-wasm32": {
      "version": "0.35.4",
      "resolved": "https://ms-feed-25.pkgs.visualstudio.com/1es-public/_packaging/npm-public/npm/registry/@img/sharp-freebsd-wasm32/-/sharp-freebsd-wasm32-0.35.4.tgz",
      "integrity": "sha1-ulX9YDxdHQGhyxT/tNlwvGztgOE=",
      "dev": true,
      "license": "Apache-2.0",
      "optional": true,
      "os": [
        "freebsd"
      ],
      "dependencies": {
        "@img/sharp-wasm32": "0.35.4"
      },
      "engines": {
        "node": ">=20.9.0"
      },
      "funding": {
        "url": "https://opencollective.com/libvips"
      }
    },
    "node_modules/@img/sharp-libvips-darwin-arm64": {
      "version": "1.3.3",
      "resolved": "https://ms-feed-25.pkgs.visualstudio.com/1es-public/_packaging/npm-public/npm/registry/@img/sharp-libvips-darwin-arm64/-/sharp-libvips-darwin-arm64-1.3.3.tgz",
      "integrity": "sha1-CKbPT7TujUX5lASladyqayk5HZc=",
      "cpu": [
        "arm64"
      ],
      "dev": true,
      "license": "LGPL-3.0-or-later",
      "optional": true,
      "os": [
        "darwin"
      ],
      "funding": {
        "url": "https://opencollective.com/libvips"
      }
    },
    "node_modules/@img/sharp-libvips-darwin-x64": {
      "version": "1.3.3",
      "resolved": "https://ms-feed-25.pkgs.visualstudio.com/1es-public/_packaging/npm-public/npm/registry/@img/sharp-libvips-darwin-x64/-/sharp-libvips-darwin-x64-1.3.3.tgz",
      "integrity": "sha1-FGHm+zEKhps8E1BFibjdXAZiTag=",
      "cpu": [
        "x64"
      ],
      "dev": true,
      "license": "LGPL-3.0-or-later",
      "optional": true,
      "os": [
        "darwin"
      ],
      "funding": {
        "url": "https://opencollective.com/libvips"
      }
    },
    "node_modules/@img/sharp-libvips-linux-arm": {
      "version": "1.3.3",
      "resolved": "https://ms-feed-25.pkgs.visualstudio.com/1es-public/_packaging/npm-public/npm/registry/@img/sharp-libvips-linux-arm/-/sharp-libvips-linux-arm-1.3.3.tgz",
      "integrity": "sha1-cQMpQbn8v468PBtilJknuETLrWI=",
      "cpu": [
        "arm"
      ],
      "dev": true,
      "libc": [
        "glibc"
      ],
      "license": "LGPL-3.0-or-later",
      "optional": true,
      "os": [
        "linux"
      ],
      "funding": {
        "url": "https://opencollective.com/libvips"
      }
    },
    "node_modules/@img/sharp-libvips-linux-arm64": {
      "version": "1.3.3",
      "resolved": "https://ms-feed-25.pkgs.visualstudio.com/1es-public/_packaging/npm-public/npm/registry/@img/sharp-libvips-linux-arm64/-/sharp-libvips-linux-arm64-1.3.3.tgz",
      "integrity": "sha1-y5OKOXG5o2MpvJlCfx5bcuJmui4=",
      "cpu": [
        "arm64"
      ],
      "dev": true,
      "libc": [
        "glibc"
      ],
      "license": "LGPL-3.0-or-later",
      "optional": true,
      "os": [
        "linux"
      ],
      "funding": {
        "url": "https://opencollective.com/libvips"
      }
    },
    "node_modules/@img/sharp-libvips-linux-ppc64": {
      "version": "1.3.3",
      "resolved": "https://ms-feed-25.pkgs.visualstudio.com/1es-public/_packaging/npm-public/npm/registry/@img/sharp-libvips-linux-ppc64/-/sharp-libvips-linux-ppc64-1.3.3.tgz",
      "integrity": "sha1-gkbS3sFSNP0cxUzFXcuhrrwmxBQ=",
      "cpu": [
        "ppc64"
      ],
      "dev": true,
      "libc": [
        "glibc"
      ],
      "license": "LGPL-3.0-or-later",
      "optional": true,
      "os": [
        "linux"
      ],
      "funding": {
        "url": "https://opencollective.com/libvips"
      }
    },
    "node_modules/@img/sharp-libvips-linux-riscv64": {
      "version": "1.3.3",
      "resolved": "https://ms-feed-25.pkgs.visualstudio.com/1es-public/_packaging/npm-public/npm/registry/@img/sharp-libvips-linux-riscv64/-/sharp-libvips-linux-riscv64-1.3.3.tgz",
      "integrity": "sha1-Wf9mPCqmtBiFc1fNd8pMyuzpWHY=",
      "cpu": [
        "riscv64"
      ],
      "dev": true,
      "libc": [
        "glibc"
      ],
      "license": "LGPL-3.0-or-later",
      "optional": true,
      "os": [
        "linux"
      ],
      "funding": {
        "url": "https://opencollective.com/libvips"
      }
    },
    "node_modules/@img/sharp-libvips-linux-s390x": {
      "version": "1.3.3",
      "resolved": "https://ms-feed-25.pkgs.visualstudio.com/1es-public/_packaging/npm-public/npm/registry/@img/sharp-libvips-linux-s390x/-/sharp-libvips-linux-s390x-1.3.3.tgz",
      "integrity": "sha1-vBdFH4DZ8xZjs+kGFJ8Vmg7LHKg=",
      "cpu": [
        "s390x"
      ],
      "dev": true,
      "libc": [
        "glibc"
      ],
      "license": "LGPL-3.0-or-later",
      "optional": true,
      "os": [
        "linux"
      ],
      "funding": {
        "url": "https://opencollective.com/libvips"
      }
    },
    "node_modules/@img/sharp-libvips-linux-x64": {
      "version": "1.3.3",
      "resolved": "https://ms-feed-25.pkgs.visualstudio.com/1es-public/_packaging/npm-public/npm/registry/@img/sharp-libvips-linux-x64/-/sharp-libvips-linux-x64-1.3.3.tgz",
      "integrity": "sha1-x9H4O8HP4iLNnckn88UTeql5HnY=",
      "cpu": [
        "x64"
      ],
      "dev": true,
      "libc": [
        "glibc"
      ],
      "license": "LGPL-3.0-or-later",
      "optional": true,
      "os": [
        "linux"
      ],
      "funding": {
        "url": "https://opencollective.com/libvips"
      }
    },
    "node_modules/@img/sharp-libvips-linuxmusl-arm64": {
      "version": "1.3.3",
      "resolved": "https://ms-feed-25.pkgs.visualstudio.com/1es-public/_packaging/npm-public/npm/registry/@img/sharp-libvips-linuxmusl-arm64/-/sharp-libvips-linuxmusl-arm64-1.3.3.tgz",
      "integrity": "sha1-MD3+Ko5tH9J56tVZ9NLM/yVF4qI=",
      "cpu": [
        "arm64"
      ],
      "dev": true,
      "libc": [
        "musl"
      ],
      "license": "LGPL-3.0-or-later",
      "optional": true,
      "os": [
        "linux"
      ],
      "funding": {
        "url": "https://opencollective.com/libvips"
      }
    },
    "node_modules/@img/sharp-libvips-linuxmusl-x64": {
      "version": "1.3.3",
      "resolved": "https://ms-feed-25.pkgs.visualstudio.com/1es-public/_packaging/npm-public/npm/registry/@img/sharp-libvips-linuxmusl-x64/-/sharp-libvips-linuxmusl-x64-1.3.3.tgz",
      "integrity": "sha1-N1D3CtRq2H5KCO6NNyq5p+F+K2w=",
      "cpu": [
        "x64"
      ],
      "dev": true,
      "libc": [
        "musl"
      ],
      "license": "LGPL-3.0-or-later",
      "optional": true,
      "os": [
        "linux"
      ],
      "funding": {
        "url": "https://opencollective.com/libvips"
      }
    },
    "node_modules/@img/sharp-linux-arm": {
      "version": "0.35.4",
      "resolved": "https://ms-feed-25.pkgs.visualstudio.com/1es-public/_packaging/npm-public/npm/registry/@img/sharp-linux-arm/-/sharp-linux-arm-0.35.4.tgz",
      "integrity": "sha1-3o2g2i7lUiZ8rncVlzMqhjN45Ds=",
      "cpu": [
        "arm"
      ],
      "dev": true,
      "libc": [
        "glibc"
      ],
      "license": "Apache-2.0",
      "optional": true,
      "os": [
        "linux"
      ],
      "engines": {
        "node": ">=20.9.0"
      },
      "funding": {
        "url": "https://opencollective.com/libvips"
      },
      "optionalDependencies": {
        "@img/sharp-libvips-linux-arm": "1.3.3"
      }
    },
    "node_modules/@img/sharp-linux-arm64": {
      "version": "0.35.4",
      "resolved": "https://ms-feed-25.pkgs.visualstudio.com/1es-public/_packaging/npm-public/npm/registry/@img/sharp-linux-arm64/-/sharp-linux-arm64-0.35.4.tgz",
      "integrity": "sha1-wvU7+RP6G0Z2KxksUnorNkeiEag=",
      "cpu": [
        "arm64"
      ],
      "dev": true,
      "libc": [
        "glibc"
      ],
      "license": "Apache-2.0",
      "optional": true,
      "os": [
        "linux"
      ],
      "engines": {
        "node": ">=20.9.0"
      },
      "funding": {
        "url": "https://opencollective.com/libvips"
      },
      "optionalDependencies": {
        "@img/sharp-libvips-linux-arm64": "1.3.3"
      }
    },
    "node_modules/@img/sharp-linux-ppc64": {
      "version": "0.35.4",
      "resolved": "https://ms-feed-25.pkgs.visualstudio.com/1es-public/_packaging/npm-public/npm/registry/@img/sharp-linux-ppc64/-/sharp-linux-ppc64-0.35.4.tgz",
      "integrity": "sha1-xA18X4ziFsNSJMWO3O+OZEWTUlY=",
      "cpu": [
        "ppc64"
      ],
      "dev": true,
      "libc": [
        "glibc"
      ],
      "license": "Apache-2.0",
      "optional": true,
      "os": [
        "linux"
      ],
      "engines": {
        "node": ">=20.9.0"
      },
      "funding": {
        "url": "https://opencollective.com/libvips"
      },
      "optionalDependencies": {
        "@img/sharp-libvips-linux-ppc64": "1.3.3"
      }
    },
    "node_modules/@img/sharp-linux-riscv64": {
      "version": "0.35.4",
      "resolved": "https://ms-feed-25.pkgs.visualstudio.com/1es-public/_packaging/npm-public/npm/registry/@img/sharp-linux-riscv64/-/sharp-linux-riscv64-0.35.4.tgz",
      "integrity": "sha1-AyyiBucTsRee/g4Y1SUYjGcndzA=",
      "cpu": [
        "riscv64"
      ],
      "dev": true,
      "libc": [
        "glibc"
      ],
      "license": "Apache-2.0",
      "optional": true,
      "os": [
        "linux"
      ],
      "engines": {
        "node": ">=20.9.0"
      },
      "funding": {
        "url": "https://opencollective.com/libvips"
      },
      "optionalDependencies": {
        "@img/sharp-libvips-linux-riscv64": "1.3.3"
      }
    },
    "node_modules/@img/sharp-linux-s390x": {
      "version": "0.35.4",
      "resolved": "https://ms-feed-25.pkgs.visualstudio.com/1es-public/_packaging/npm-public/npm/registry/@img/sharp-linux-s390x/-/sharp-linux-s390x-0.35.4.tgz",
      "integrity": "sha1-GdrHUBoVyHSLx6ESGfyjkeQkttc=",
      "cpu": [
        "s390x"
      ],
      "dev": true,
      "libc": [
        "glibc"
      ],
      "license": "Apache-2.0",
      "optional": true,
      "os": [
        "linux"
      ],
      "engines": {
        "node": ">=20.9.0"
      },
      "funding": {
        "url": "https://opencollective.com/libvips"
      },
      "optionalDependencies": {
        "@img/sharp-libvips-linux-s390x": "1.3.3"
      }
    },
    "node_modules/@img/sharp-linux-x64": {
      "version": "0.35.4",
      "resolved": "https://ms-feed-25.pkgs.visualstudio.com/1es-public/_packaging/npm-public/npm/registry/@img/sharp-linux-x64/-/sharp-linux-x64-0.35.4.tgz",
      "integrity": "sha1-fR1BTUpTjgcEumt2zmVH5g9iEc4=",
      "cpu": [
        "x64"
      ],
      "dev": true,
      "libc": [
        "glibc"
      ],
      "license": "Apache-2.0",
      "optional": true,
      "os": [
        "linux"
      ],
      "engines": {
        "node": ">=20.9.0"
      },
      "funding": {
        "url": "https://opencollective.com/libvips"
      },
      "optionalDependencies": {
        "@img/sharp-libvips-linux-x64": "1.3.3"
      }
    },
    "node_modules/@img/sharp-linuxmusl-arm64": {
      "version": "0.35.4",
      "resolved": "https://ms-feed-25.pkgs.visualstudio.com/1es-public/_packaging/npm-public/npm/registry/@img/sharp-linuxmusl-arm64/-/sharp-linuxmusl-arm64-0.35.4.tgz",
      "integrity": "sha1-lTTJOAeCL0KC0HmjIvrMbbU9UPY=",
      "cpu": [
        "arm64"
      ],
      "dev": true,
      "libc": [
        "musl"
      ],
      "license": "Apache-2.0",
      "optional": true,
      "os": [
        "linux"
      ],
      "engines": {
        "node": ">=20.9.0"
      },
      "funding": {
        "url": "https://opencollective.com/libvips"
      },
      "optionalDependencies": {
        "@img/sharp-libvips-linuxmusl-arm64": "1.3.3"
      }
    },
    "node_modules/@img/sharp-linuxmusl-x64": {
      "version": "0.35.4",
      "resolved": "https://ms-feed-25.pkgs.visualstudio.com/1es-public/_packaging/npm-public/npm/registry/@img/sharp-linuxmusl-x64/-/sharp-linuxmusl-x64-0.35.4.tgz",
      "integrity": "sha1-9IjnoCkZkb/2Q874K1r9PP1w/PI=",
      "cpu": [
        "x64"
      ],
      "dev": true,
      "libc": [
        "musl"
      ],
      "license": "Apache-2.0",
      "optional": true,
      "os": [
        "linux"
      ],
      "engines": {
        "node": ">=20.9.0"
      },
      "funding": {
        "url": "https://opencollective.com/libvips"
      },
      "optionalDependencies": {
        "@img/sharp-libvips-linuxmusl-x64": "1.3.3"
      }
    },
    "node_modules/@img/sharp-wasm32": {
      "version": "0.35.4",
      "resolved": "https://ms-feed-25.pkgs.visualstudio.com/1es-public/_packaging/npm-public/npm/registry/@img/sharp-wasm32/-/sharp-wasm32-0.35.4.tgz",
      "integrity": "sha1-gfcfP8DYRH3Dr2yzeOJOdY/1QiU=",
      "dev": true,
      "license": "Apache-2.0 AND LGPL-3.0-or-later AND MIT",
      "optional": true,
      "dependencies": {
        "@emnapi/runtime": "^1.11.3"
      },
      "engines": {
        "node": ">=20.9.0"
      },
      "funding": {
        "url": "https://opencollective.com/libvips"
      }
    },
    "node_modules/@img/sharp-webcontainers-wasm32": {
      "version": "0.35.4",
      "resolved": "https://ms-feed-25.pkgs.visualstudio.com/1es-public/_packaging/npm-public/npm/registry/@img/sharp-webcontainers-wasm32/-/sharp-webcontainers-wasm32-0.35.4.tgz",
      "integrity": "sha1-d9LoiS06OCXw3JWrAs62E8shMoY=",
      "cpu": [
        "wasm32"
      ],
      "dev": true,
      "license": "Apache-2.0",
      "optional": true,
      "dependencies": {
        "@img/sharp-wasm32": "0.35.4"
      },
      "engines": {
        "node": ">=20.9.0"
      },
      "funding": {
        "url": "https://opencollective.com/libvips"
      }
    },
    "node_modules/@img/sharp-win32-arm64": {
      "version": "0.35.4",
      "resolved": "https://ms-feed-25.pkgs.visualstudio.com/1es-public/_packaging/npm-public/npm/registry/@img/sharp-win32-arm64/-/sharp-win32-arm64-0.35.4.tgz",
      "integrity": "sha1-QQG0Tj+5fW8ac8KpxhQtSR0aqDE=",
      "cpu": [
        "arm64"
      ],
      "dev": true,
      "license": "Apache-2.0 AND LGPL-3.0-or-later",
      "optional": true,
      "os": [
        "win32"
      ],
      "engines": {
        "node": ">=20.9.0"
      },
      "funding": {
        "url": "https://opencollective.com/libvips"
      }
    },
    "node_modules/@img/sharp-win32-ia32": {
      "version": "0.35.4",
      "resolved": "https://ms-feed-25.pkgs.visualstudio.com/1es-public/_packaging/npm-public/npm/registry/@img/sharp-win32-ia32/-/sharp-win32-ia32-0.35.4.tgz",
      "integrity": "sha1-jUdVvSbV/zT7iceQe9icCApdyfU=",
      "cpu": [
        "ia32"
      ],
      "dev": true,
      "license": "Apache-2.0 AND LGPL-3.0-or-later",
      "optional": true,
      "os": [
        "win32"
      ],
      "engines": {
        "node": "^20.9.0"
      },
      "funding": {
        "url": "https://opencollective.com/libvips"
      }
    },
    "node_modules/@img/sharp-win32-x64": {
      "version": "0.35.4",
      "resolved": "https://ms-feed-25.pkgs.visualstudio.com/1es-public/_packaging/npm-public/npm/registry/@img/sharp-win32-x64/-/sharp-win32-x64-0.35.4.tgz",
      "integrity": "sha1-C2e9Cx8BEjqYKvzGug3AC4d7igo=",
      "cpu": [
        "x64"
      ],
      "dev": true,
      "license": "Apache-2.0 AND LGPL-3.0-or-later",
      "optional": true,
      "os": [
        "win32"
      ],
      "engines": {
        "node": ">=20.9.0"
      },
      "funding": {
        "url": "https://opencollective.com/libvips"
      }
    },
    "node_modules/@playwright/test": {
      "version": "1.63.0",
      "resolved": "https://ms-feed-25.pkgs.visualstudio.com/1es-public/_packaging/npm-public/npm/registry/@playwright/test/-/test-1.63.0.tgz",
      "integrity": "sha1-gIAgxG6La5H51ijNDry7Mr39i2w=",
      "dev": true,
      "license": "Apache-2.0",
      "dependencies": {
        "playwright": "1.63.0"
      },
      "bin": {
        "playwright": "cli.js"
      },
      "engines": {
        "node": ">=20"
      }
    },
    "node_modules/ansi-styles": {
      "version": "4.3.0",
      "resolved": "https://ms-feed-25.pkgs.visualstudio.com/1es-public/_packaging/npm-public/npm/registry/ansi-styles/-/ansi-styles-4.3.0.tgz",
      "integrity": "sha1-7dgDYornHATIWuegkG7a00tkiTc=",
      "dev": true,
      "license": "MIT",
      "dependencies": {
        "color-convert": "^2.0.1"
      },
      "engines": {
        "node": ">=8"
      },
      "funding": {
        "url": "https://github.com/chalk/ansi-styles?sponsor=1"
      }
    },
    "node_modules/async": {
      "version": "3.2.6",
      "resolved": "https://ms-feed-25.pkgs.visualstudio.com/1es-public/_packaging/npm-public/npm/registry/async/-/async-3.2.6.tgz",
      "integrity": "sha1-Gwco4Ukp1RuFtEm38G4nwRReOM4=",
      "dev": true,
      "license": "MIT"
    },
    "node_modules/axe-core": {
      "version": "4.13.0",
      "resolved": "https://ms-feed-25.pkgs.visualstudio.com/1es-public/_packaging/npm-public/npm/registry/axe-core/-/axe-core-4.13.0.tgz",
      "integrity": "sha1-+Gjssb1h2YIyF2DlHYQatJerhtA=",
      "dev": true,
      "license": "MPL-2.0",
      "engines": {
        "node": ">=4"
      }
    },
    "node_modules/basic-auth": {
      "version": "2.0.1",
      "resolved": "https://ms-feed-25.pkgs.visualstudio.com/1es-public/_packaging/npm-public/npm/registry/basic-auth/-/basic-auth-2.0.1.tgz",
      "integrity": "sha1-uZgnm/R844NEtPPPkW1Gebv1Hjo=",
      "dev": true,
      "license": "MIT",
      "dependencies": {
        "safe-buffer": "5.1.2"
      },
      "engines": {
        "node": ">= 0.8"
      }
    },
    "node_modules/call-bind-apply-helpers": {
      "version": "1.0.2",
      "resolved": "https://ms-feed-25.pkgs.visualstudio.com/1es-public/_packaging/npm-public/npm/registry/call-bind-apply-helpers/-/call-bind-apply-helpers-1.0.2.tgz",
      "integrity": "sha1-S1QowiK+mF15w9gmV0edvgtZstY=",
      "dev": true,
      "license": "MIT",
      "dependencies": {
        "es-errors": "^1.3.0",
        "function-bind": "^1.1.2"
      },
      "engines": {
        "node": ">= 0.4"
      }
    },
    "node_modules/call-bound": {
      "version": "1.0.4",
      "resolved": "https://ms-feed-25.pkgs.visualstudio.com/1es-public/_packaging/npm-public/npm/registry/call-bound/-/call-bound-1.0.4.tgz",
      "integrity": "sha1-I43pNdKippKSjFOMfM+pEGf9Bio=",
      "dev": true,
      "license": "MIT",
      "dependencies": {
        "call-bind-apply-helpers": "^1.0.2",
        "get-intrinsic": "^1.3.0"
      },
      "engines": {
        "node": ">= 0.4"
      },
      "funding": {
        "url": "https://github.com/sponsors/ljharb"
      }
    },
    "node_modules/chalk": {
      "version": "4.1.2",
      "resolved": "https://ms-feed-25.pkgs.visualstudio.com/1es-public/_packaging/npm-public/npm/registry/chalk/-/chalk-4.1.2.tgz",
      "integrity": "sha1-qsTit3NKdAhnrrFr8CqtVWoeegE=",
      "dev": true,
      "license": "MIT",
      "dependencies": {
        "ansi-styles": "^4.1.0",
        "supports-color": "^7.1.0"
      },
      "engines": {
        "node": ">=10"
      },
      "funding": {
        "url": "https://github.com/chalk/chalk?sponsor=1"
      }
    },
    "node_modules/color-convert": {
      "version": "2.0.1",
      "resolved": "https://ms-feed-25.pkgs.visualstudio.com/1es-public/_packaging/npm-public/npm/registry/color-convert/-/color-convert-2.0.1.tgz",
      "integrity": "sha1-ctOmjVmMm9s68q0ehPIdiWq9TeM=",
      "dev": true,
      "license": "MIT",
      "dependencies": {
        "color-name": "~1.1.4"
      },
      "engines": {
        "node": ">=7.0.0"
      }
    },
    "node_modules/color-name": {
      "version": "1.1.4",
      "resolved": "https://ms-feed-25.pkgs.visualstudio.com/1es-public/_packaging/npm-public/npm/registry/color-name/-/color-name-1.1.4.tgz",
      "integrity": "sha1-wqCah6y95pVD3m9j+jmVyCbFNqI=",
      "dev": true,
      "license": "MIT"
    },
    "node_modules/corser": {
      "version": "2.0.1",
      "resolved": "https://ms-feed-25.pkgs.visualstudio.com/1es-public/_packaging/npm-public/npm/registry/corser/-/corser-2.0.1.tgz",
      "integrity": "sha1-jtolLsqrWEDc2XXOuQ2TcMgZ/4c=",
      "dev": true,
      "license": "MIT",
      "engines": {
        "node": ">= 0.4.0"
      }
    },
    "node_modules/debug": {
      "version": "4.4.3",
      "resolved": "https://ms-feed-25.pkgs.visualstudio.com/1es-public/_packaging/npm-public/npm/registry/debug/-/debug-4.4.3.tgz",
      "integrity": "sha1-xq5DLZvZZiWC/OCHCbA4xY6ePWo=",
      "dev": true,
      "license": "MIT",
      "dependencies": {
        "ms": "^2.1.3"
      },
      "engines": {
        "node": ">=6.0"
      },
      "peerDependenciesMeta": {
        "supports-color": {
          "optional": true
        }
      }
    },
    "node_modules/detect-libc": {
      "version": "2.1.2",
      "resolved": "https://ms-feed-25.pkgs.visualstudio.com/1es-public/_packaging/npm-public/npm/registry/detect-libc/-/detect-libc-2.1.2.tgz",
      "integrity": "sha1-aJxdzcGQDvVYOky59te0c3QgdK0=",
      "dev": true,
      "license": "Apache-2.0",
      "engines": {
        "node": ">=8"
      }
    },
    "node_modules/dunder-proto": {
      "version": "1.0.1",
      "resolved": "https://ms-feed-25.pkgs.visualstudio.com/1es-public/_packaging/npm-public/npm/registry/dunder-proto/-/dunder-proto-1.0.1.tgz",
      "integrity": "sha1-165mfh3INIL4tw/Q9u78UNow9Yo=",
      "dev": true,
      "license": "MIT",
      "dependencies": {
        "call-bind-apply-helpers": "^1.0.1",
        "es-errors": "^1.3.0",
        "gopd": "^1.2.0"
      },
      "engines": {
        "node": ">= 0.4"
      }
    },
    "node_modules/es-define-property": {
      "version": "1.0.1",
      "resolved": "https://ms-feed-25.pkgs.visualstudio.com/1es-public/_packaging/npm-public/npm/registry/es-define-property/-/es-define-property-1.0.1.tgz",
      "integrity": "sha1-mD6y+aZyTpMD9hrd8BHHLgngsPo=",
      "dev": true,
      "license": "MIT",
      "engines": {
        "node": ">= 0.4"
      }
    },
    "node_modules/es-errors": {
      "version": "1.3.0",
      "resolved": "https://ms-feed-25.pkgs.visualstudio.com/1es-public/_packaging/npm-public/npm/registry/es-errors/-/es-errors-1.3.0.tgz",
      "integrity": "sha1-BfdaJdq5jk+x3NXhRywFRtUFfI8=",
      "dev": true,
      "license": "MIT",
      "engines": {
        "node": ">= 0.4"
      }
    },
    "node_modules/es-object-atoms": {
      "version": "1.1.2",
      "resolved": "https://ms-feed-25.pkgs.visualstudio.com/1es-public/_packaging/npm-public/npm/registry/es-object-atoms/-/es-object-atoms-1.1.2.tgz",
      "integrity": "sha1-otCzcyBXJN+lJdI7DD4bHKWCyZs=",
      "dev": true,
      "license": "MIT",
      "dependencies": {
        "es-errors": "^1.3.0"
      },
      "engines": {
        "node": ">= 0.4"
      }
    },
    "node_modules/eventemitter3": {
      "version": "4.0.7",
      "resolved": "https://ms-feed-25.pkgs.visualstudio.com/1es-public/_packaging/npm-public/npm/registry/eventemitter3/-/eventemitter3-4.0.7.tgz",
      "integrity": "sha1-Lem2j2Uo1WRO9cWVJqG0oHMGFp8=",
      "dev": true,
      "license": "MIT"
    },
    "node_modules/follow-redirects": {
      "version": "1.16.0",
      "resolved": "https://ms-feed-25.pkgs.visualstudio.com/1es-public/_packaging/npm-public/npm/registry/follow-redirects/-/follow-redirects-1.16.0.tgz",
      "integrity": "sha1-KEdKFZ07nRHvYgUKFO1g5N9tYbw=",
      "dev": true,
      "funding": [
        {
          "type": "individual",
          "url": "https://github.com/sponsors/RubenVerborgh"
        }
      ],
      "license": "MIT",
      "engines": {
        "node": ">=4.0"
      },
      "peerDependenciesMeta": {
        "debug": {
          "optional": true
        }
      }
    },
    "node_modules/function-bind": {
      "version": "1.1.2",
      "resolved": "https://ms-feed-25.pkgs.visualstudio.com/1es-public/_packaging/npm-public/npm/registry/function-bind/-/function-bind-1.1.2.tgz",
      "integrity": "sha1-LALYZNl/PqbIgwxGTL0Rq26rehw=",
      "dev": true,
      "license": "MIT",
      "funding": {
        "url": "https://github.com/sponsors/ljharb"
      }
    },
    "node_modules/get-intrinsic": {
      "version": "1.3.0",
      "resolved": "https://ms-feed-25.pkgs.visualstudio.com/1es-public/_packaging/npm-public/npm/registry/get-intrinsic/-/get-intrinsic-1.3.0.tgz",
      "integrity": "sha1-dD8OO2lkqTpUke0b/6rgVNf5jQE=",
      "dev": true,
      "license": "MIT",
      "dependencies": {
        "call-bind-apply-helpers": "^1.0.2",
        "es-define-property": "^1.0.1",
        "es-errors": "^1.3.0",
        "es-object-atoms": "^1.1.1",
        "function-bind": "^1.1.2",
        "get-proto": "^1.0.1",
        "gopd": "^1.2.0",
        "has-symbols": "^1.1.0",
        "hasown": "^2.0.2",
        "math-intrinsics": "^1.1.0"
      },
      "engines": {
        "node": ">= 0.4"
      },
      "funding": {
        "url": "https://github.com/sponsors/ljharb"
      }
    },
    "node_modules/get-proto": {
      "version": "1.0.1",
      "resolved": "https://ms-feed-25.pkgs.visualstudio.com/1es-public/_packaging/npm-public/npm/registry/get-proto/-/get-proto-1.0.1.tgz",
      "integrity": "sha1-FQs/J0OGnvPoUewMSdFbHRTQDuE=",
      "dev": true,
      "license": "MIT",
      "dependencies": {
        "dunder-proto": "^1.0.1",
        "es-object-atoms": "^1.0.0"
      },
      "engines": {
        "node": ">= 0.4"
      }
    },
    "node_modules/gopd": {
      "version": "1.2.0",
      "resolved": "https://ms-feed-25.pkgs.visualstudio.com/1es-public/_packaging/npm-public/npm/registry/gopd/-/gopd-1.2.0.tgz",
      "integrity": "sha1-ifVrghe9vIgCvSmd9tfxCB1+UaE=",
      "dev": true,
      "license": "MIT",
      "engines": {
        "node": ">= 0.4"
      },
      "funding": {
        "url": "https://github.com/sponsors/ljharb"
      }
    },
    "node_modules/has-flag": {
      "version": "4.0.0",
      "resolved": "https://ms-feed-25.pkgs.visualstudio.com/1es-public/_packaging/npm-public/npm/registry/has-flag/-/has-flag-4.0.0.tgz",
      "integrity": "sha1-lEdx/ZyByBJlxNaUGGDaBrtZR5s=",
      "dev": true,
      "license": "MIT",
      "engines": {
        "node": ">=8"
      }
    },
    "node_modules/has-symbols": {
      "version": "1.1.0",
      "resolved": "https://ms-feed-25.pkgs.visualstudio.com/1es-public/_packaging/npm-public/npm/registry/has-symbols/-/has-symbols-1.1.0.tgz",
      "integrity": "sha1-/JxqeDoISVHQuXH+EBjegTcHozg=",
      "dev": true,
      "license": "MIT",
      "engines": {
        "node": ">= 0.4"
      },
      "funding": {
        "url": "https://github.com/sponsors/ljharb"
      }
    },
    "node_modules/hasown": {
      "version": "2.0.4",
      "resolved": "https://ms-feed-25.pkgs.visualstudio.com/1es-public/_packaging/npm-public/npm/registry/hasown/-/hasown-2.0.4.tgz",
      "integrity": "sha1-jGLYy5C+sqrV0KW2dYGtmFTD8AM=",
      "dev": true,
      "license": "MIT",
      "dependencies": {
        "function-bind": "^1.1.2"
      },
      "engines": {
        "node": ">= 0.4"
      }
    },
    "node_modules/he": {
      "version": "1.2.0",
      "resolved": "https://ms-feed-25.pkgs.visualstudio.com/1es-public/_packaging/npm-public/npm/registry/he/-/he-1.2.0.tgz",
      "integrity": "sha1-hK5l+n6vsWX922FWauFLrwVmTw8=",
      "dev": true,
      "license": "MIT",
      "bin": {
        "he": "bin/he"
      }
    },
    "node_modules/html-encoding-sniffer": {
      "version": "3.0.0",
      "resolved": "https://ms-feed-25.pkgs.visualstudio.com/1es-public/_packaging/npm-public/npm/registry/html-encoding-sniffer/-/html-encoding-sniffer-3.0.0.tgz",
      "integrity": "sha1-LLGozw21JBR3blsqegTV3ZgVjek=",
      "dev": true,
      "license": "MIT",
      "dependencies": {
        "whatwg-encoding": "^2.0.0"
      },
      "engines": {
        "node": ">=12"
      }
    },
    "node_modules/http-proxy": {
      "version": "1.18.1",
      "resolved": "https://ms-feed-25.pkgs.visualstudio.com/1es-public/_packaging/npm-public/npm/registry/http-proxy/-/http-proxy-1.18.1.tgz",
      "integrity": "sha1-QBVB8FNIhLv5UmAzTnL4juOXZUk=",
      "dev": true,
      "license": "MIT",
      "dependencies": {
        "eventemitter3": "^4.0.0",
        "follow-redirects": "^1.0.0",
        "requires-port": "^1.0.0"
      },
      "engines": {
        "node": ">=8.0.0"
      }
    },
    "node_modules/http-server": {
      "version": "14.1.1",
      "resolved": "https://ms-feed-25.pkgs.visualstudio.com/1es-public/_packaging/npm-public/npm/registry/http-server/-/http-server-14.1.1.tgz",
      "integrity": "sha1-1g+7N9fC/f8PD7/w0O5mcL0oXi4=",
      "dev": true,
      "license": "MIT",
      "dependencies": {
        "basic-auth": "^2.0.1",
        "chalk": "^4.1.2",
        "corser": "^2.0.1",
        "he": "^1.2.0",
        "html-encoding-sniffer": "^3.0.0",
        "http-proxy": "^1.18.1",
        "mime": "^1.6.0",
        "minimist": "^1.2.6",
        "opener": "^1.5.1",
        "portfinder": "^1.0.28",
        "secure-compare": "3.0.1",
        "union": "~0.5.0",
        "url-join": "^4.0.1"
      },
      "bin": {
        "http-server": "bin/http-server"
      },
      "engines": {
        "node": ">=12"
      }
    },
    "node_modules/iconv-lite": {
      "version": "0.6.3",
      "resolved": "https://ms-feed-25.pkgs.visualstudio.com/1es-public/_packaging/npm-public/npm/registry/iconv-lite/-/iconv-lite-0.6.3.tgz",
      "integrity": "sha1-pS+AvzjaGVLrXGgXkHGYcaGnJQE=",
      "dev": true,
      "license": "MIT",
      "dependencies": {
        "safer-buffer": ">= 2.1.2 < 3.0.0"
      },
      "engines": {
        "node": ">=0.10.0"
      }
    },
    "node_modules/math-intrinsics": {
      "version": "1.1.0",
      "resolved": "https://ms-feed-25.pkgs.visualstudio.com/1es-public/_packaging/npm-public/npm/registry/math-intrinsics/-/math-intrinsics-1.1.0.tgz",
      "integrity": "sha1-oN10voHiqlwvJ+Zc4oNgXuTit/k=",
      "dev": true,
      "license": "MIT",
      "engines": {
        "node": ">= 0.4"
      }
    },
    "node_modules/mime": {
      "version": "1.6.0",
      "resolved": "https://ms-feed-25.pkgs.visualstudio.com/1es-public/_packaging/npm-public/npm/registry/mime/-/mime-1.6.0.tgz",
      "integrity": "sha1-Ms2eXGRVO9WNGaVor0Uqz/BJgbE=",
      "dev": true,
      "license": "MIT",
      "bin": {
        "mime": "cli.js"
      },
      "engines": {
        "node": ">=4"
      }
    },
    "node_modules/minimist": {
      "version": "1.2.8",
      "resolved": "https://ms-feed-25.pkgs.visualstudio.com/1es-public/_packaging/npm-public/npm/registry/minimist/-/minimist-1.2.8.tgz",
      "integrity": "sha1-waRk52kzAuCCoHXO4MBXdBrEdyw=",
      "dev": true,
      "license": "MIT",
      "funding": {
        "url": "https://github.com/sponsors/ljharb"
      }
    },
    "node_modules/ms": {
      "version": "2.1.3",
      "resolved": "https://ms-feed-25.pkgs.visualstudio.com/1es-public/_packaging/npm-public/npm/registry/ms/-/ms-2.1.3.tgz",
      "integrity": "sha1-V0yBOM4dK1hh8LRFedut1gxmFbI=",
      "dev": true,
      "license": "MIT"
    },
    "node_modules/object-inspect": {
      "version": "1.13.4",
      "resolved": "https://ms-feed-25.pkgs.visualstudio.com/1es-public/_packaging/npm-public/npm/registry/object-inspect/-/object-inspect-1.13.4.tgz",
      "integrity": "sha1-g3UmXiG8IND6WCwi4bE0hdbgAhM=",
      "dev": true,
      "license": "MIT",
      "engines": {
        "node": ">= 0.4"
      },
      "funding": {
        "url": "https://github.com/sponsors/ljharb"
      }
    },
    "node_modules/opener": {
      "version": "1.5.2",
      "resolved": "https://ms-feed-25.pkgs.visualstudio.com/1es-public/_packaging/npm-public/npm/registry/opener/-/opener-1.5.2.tgz",
      "integrity": "sha1-XTfh81B3udysQwE3InGv3rKhNZg=",
      "dev": true,
      "license": "(WTFPL OR MIT)",
      "bin": {
        "opener": "bin/opener-bin.js"
      }
    },
    "node_modules/playwright": {
      "version": "1.63.0",
      "resolved": "https://ms-feed-25.pkgs.visualstudio.com/1es-public/_packaging/npm-public/npm/registry/playwright/-/playwright-1.63.0.tgz",
      "integrity": "sha1-mbVvn2mxtwxE8Av4Sy/lI0iuJRE=",
      "dev": true,
      "license": "Apache-2.0",
      "dependencies": {
        "playwright-core": "1.63.0"
      },
      "bin": {
        "playwright": "cli.js"
      },
      "engines": {
        "node": ">=20"
      }
    },
    "node_modules/playwright-core": {
      "version": "1.63.0",
      "resolved": "https://ms-feed-25.pkgs.visualstudio.com/1es-public/_packaging/npm-public/npm/registry/playwright-core/-/playwright-core-1.63.0.tgz",
      "integrity": "sha1-5XZlvDKEbCE6w5oeTVvGIo52s3Y=",
      "dev": true,
      "license": "Apache-2.0",
      "bin": {
        "playwright-core": "cli.js"
      },
      "engines": {
        "node": ">=20"
      }
    },
    "node_modules/portfinder": {
      "version": "1.0.38",
      "resolved": "https://ms-feed-25.pkgs.visualstudio.com/1es-public/_packaging/npm-public/npm/registry/portfinder/-/portfinder-1.0.38.tgz",
      "integrity": "sha1-5Ps6LYiLINKXfaBQ5Iq14fV6GF4=",
      "dev": true,
      "license": "MIT",
      "dependencies": {
        "async": "^3.2.6",
        "debug": "^4.3.6"
      },
      "engines": {
        "node": ">= 10.12"
      }
    },
    "node_modules/qs": {
      "version": "6.16.0",
      "resolved": "https://ms-feed-25.pkgs.visualstudio.com/1es-public/_packaging/npm-public/npm/registry/qs/-/qs-6.16.0.tgz",
      "integrity": "sha1-wixyOiipIPOqzc6Cifq9Q+zLef0=",
      "dev": true,
      "license": "BSD-3-Clause",
      "dependencies": {
        "es-define-property": "^1.0.1",
        "side-channel": "^1.1.1"
      },
      "engines": {
        "node": ">=0.6"
      },
      "funding": {
        "url": "https://github.com/sponsors/ljharb"
      }
    },
    "node_modules/requires-port": {
      "version": "1.0.0",
      "resolved": "https://ms-feed-25.pkgs.visualstudio.com/1es-public/_packaging/npm-public/npm/registry/requires-port/-/requires-port-1.0.0.tgz",
      "integrity": "sha1-kl0mAdOaxIXgkc8NpcbmlNw9yv8=",
      "dev": true,
      "license": "MIT"
    },
    "node_modules/safe-buffer": {
      "version": "5.1.2",
      "resolved": "https://ms-feed-25.pkgs.visualstudio.com/1es-public/_packaging/npm-public/npm/registry/safe-buffer/-/safe-buffer-5.1.2.tgz",
      "integrity": "sha1-mR7GnSluAxN0fVm9/St0XDX4go0=",
      "dev": true,
      "license": "MIT"
    },
    "node_modules/safer-buffer": {
      "version": "2.1.2",
      "resolved": "https://ms-feed-25.pkgs.visualstudio.com/1es-public/_packaging/npm-public/npm/registry/safer-buffer/-/safer-buffer-2.1.2.tgz",
      "integrity": "sha1-RPoWGwGHuVSd2Eu5GAL5vYOFzWo=",
      "dev": true,
      "license": "MIT"
    },
    "node_modules/secure-compare": {
      "version": "3.0.1",
      "resolved": "https://ms-feed-25.pkgs.visualstudio.com/1es-public/_packaging/npm-public/npm/registry/secure-compare/-/secure-compare-3.0.1.tgz",
      "integrity": "sha1-8aAymzCLIh+uN7mXTz1XjQypmeM=",
      "dev": true,
      "license": "MIT"
    },
    "node_modules/semver": {
      "version": "7.8.5",
      "resolved": "https://ms-feed-25.pkgs.visualstudio.com/1es-public/_packaging/npm-public/npm/registry/semver/-/semver-7.8.5.tgz",
      "integrity": "sha1-ObZGA33VDBT7RR5+TKxY7YuGP2k=",
      "dev": true,
      "license": "ISC",
      "bin": {
        "semver": "bin/semver.js"
      },
      "engines": {
        "node": ">=10"
      }
    },
    "node_modules/sharp": {
      "version": "0.35.4",
      "resolved": "https://ms-feed-25.pkgs.visualstudio.com/1es-public/_packaging/npm-public/npm/registry/sharp/-/sharp-0.35.4.tgz",
      "integrity": "sha1-Nh3zspWdrrOAVBKJlgRWxr4Pkt4=",
      "dev": true,
      "license": "Apache-2.0",
      "dependencies": {
        "@img/colour": "^1.1.0",
        "detect-libc": "^2.1.2",
        "semver": "^7.8.5"
      },
      "engines": {
        "node": ">=20.9.0"
      },
      "funding": {
        "url": "https://opencollective.com/libvips"
      },
      "optionalDependencies": {
        "@img/sharp-darwin-arm64": "0.35.4",
        "@img/sharp-darwin-x64": "0.35.4",
        "@img/sharp-freebsd-wasm32": "0.35.4",
        "@img/sharp-libvips-darwin-arm64": "1.3.3",
        "@img/sharp-libvips-darwin-x64": "1.3.3",
        "@img/sharp-libvips-linux-arm": "1.3.3",
        "@img/sharp-libvips-linux-arm64": "1.3.3",
        "@img/sharp-libvips-linux-ppc64": "1.3.3",
        "@img/sharp-libvips-linux-riscv64": "1.3.3",
        "@img/sharp-libvips-linux-s390x": "1.3.3",
        "@img/sharp-libvips-linux-x64": "1.3.3",
        "@img/sharp-libvips-linuxmusl-arm64": "1.3.3",
        "@img/sharp-libvips-linuxmusl-x64": "1.3.3",
        "@img/sharp-linux-arm": "0.35.4",
        "@img/sharp-linux-arm64": "0.35.4",
        "@img/sharp-linux-ppc64": "0.35.4",
        "@img/sharp-linux-riscv64": "0.35.4",
        "@img/sharp-linux-s390x": "0.35.4",
        "@img/sharp-linux-x64": "0.35.4",
        "@img/sharp-linuxmusl-arm64": "0.35.4",
        "@img/sharp-linuxmusl-x64": "0.35.4",
        "@img/sharp-webcontainers-wasm32": "0.35.4",
        "@img/sharp-win32-arm64": "0.35.4",
        "@img/sharp-win32-ia32": "0.35.4",
        "@img/sharp-win32-x64": "0.35.4"
      },
      "peerDependenciesMeta": {
        "@types/node": {
          "optional": true
        }
      }
    },
    "node_modules/side-channel": {
      "version": "1.1.1",
      "resolved": "https://ms-feed-25.pkgs.visualstudio.com/1es-public/_packaging/npm-public/npm/registry/side-channel/-/side-channel-1.1.1.tgz",
      "integrity": "sha1-6gLGLgXcS+pn1EQvD7ce4ZL44Ks=",
      "dev": true,
      "license": "MIT",
      "dependencies": {
        "es-errors": "^1.3.0",
        "object-inspect": "^1.13.4",
        "side-channel-list": "^1.0.1",
        "side-channel-map": "^1.0.1",
        "side-channel-weakmap": "^1.0.2"
      },
      "engines": {
        "node": ">= 0.4"
      },
      "funding": {
        "url": "https://github.com/sponsors/ljharb"
      }
    },
    "node_modules/side-channel-list": {
      "version": "1.0.1",
      "resolved": "https://ms-feed-25.pkgs.visualstudio.com/1es-public/_packaging/npm-public/npm/registry/side-channel-list/-/side-channel-list-1.0.1.tgz",
      "integrity": "sha1-wuC1oUpUCuvuO7xsP4ZmzJtQkSc=",
      "dev": true,
      "license": "MIT",
      "dependencies": {
        "es-errors": "^1.3.0",
        "object-inspect": "^1.13.4"
      },
      "engines": {
        "node": ">= 0.4"
      },
      "funding": {
        "url": "https://github.com/sponsors/ljharb"
      }
    },
    "node_modules/side-channel-map": {
      "version": "1.0.1",
      "resolved": "https://ms-feed-25.pkgs.visualstudio.com/1es-public/_packaging/npm-public/npm/registry/side-channel-map/-/side-channel-map-1.0.1.tgz",
      "integrity": "sha1-1rtrN5Asb+9RdOX1M/q0xzKib0I=",
      "dev": true,
      "license": "MIT",
      "dependencies": {
        "call-bound": "^1.0.2",
        "es-errors": "^1.3.0",
        "get-intrinsic": "^1.2.5",
        "object-inspect": "^1.13.3"
      },
      "engines": {
        "node": ">= 0.4"
      },
      "funding": {
        "url": "https://github.com/sponsors/ljharb"
      }
    },
    "node_modules/side-channel-weakmap": {
      "version": "1.0.2",
      "resolved": "https://ms-feed-25.pkgs.visualstudio.com/1es-public/_packaging/npm-public/npm/registry/side-channel-weakmap/-/side-channel-weakmap-1.0.2.tgz",
      "integrity": "sha1-Ed2hnVNo5Azp7CvcH7DsvAeQ7Oo=",
      "dev": true,
      "license": "MIT",
      "dependencies": {
        "call-bound": "^1.0.2",
        "es-errors": "^1.3.0",
        "get-intrinsic": "^1.2.5",
        "object-inspect": "^1.13.3",
        "side-channel-map": "^1.0.1"
      },
      "engines": {
        "node": ">= 0.4"
      },
      "funding": {
        "url": "https://github.com/sponsors/ljharb"
      }
    },
    "node_modules/supports-color": {
      "version": "7.2.0",
      "resolved": "https://ms-feed-25.pkgs.visualstudio.com/1es-public/_packaging/npm-public/npm/registry/supports-color/-/supports-color-7.2.0.tgz",
      "integrity": "sha1-G33NyzK4E4gBs+R4umpRyqiWSNo=",
      "dev": true,
      "license": "MIT",
      "dependencies": {
        "has-flag": "^4.0.0"
      },
      "engines": {
        "node": ">=8"
      }
    },
    "node_modules/tslib": {
      "version": "2.8.1",
      "resolved": "https://ms-feed-25.pkgs.visualstudio.com/1es-public/_packaging/npm-public/npm/registry/tslib/-/tslib-2.8.1.tgz",
      "integrity": "sha1-YS7+TtI11Wfoq6Xypfq3AoCt6D8=",
      "dev": true,
      "license": "0BSD",
      "optional": true
    },
    "node_modules/union": {
      "version": "0.5.0",
      "resolved": "https://ms-feed-25.pkgs.visualstudio.com/1es-public/_packaging/npm-public/npm/registry/union/-/union-0.5.0.tgz",
      "integrity": "sha1-ssEb6E9gU4U3uEbtuboma6AJAHU=",
      "dev": true,
      "dependencies": {
        "qs": "^6.4.0"
      },
      "engines": {
        "node": ">= 0.8.0"
      }
    },
    "node_modules/url-join": {
      "version": "4.0.1",
      "resolved": "https://ms-feed-25.pkgs.visualstudio.com/1es-public/_packaging/npm-public/npm/registry/url-join/-/url-join-4.0.1.tgz",
      "integrity": "sha1-tkLiGiZGgI/6F4xMX9o5hE4Szec=",
      "dev": true,
      "license": "MIT"
    },
    "node_modules/whatwg-encoding": {
      "version": "2.0.0",
      "resolved": "https://ms-feed-25.pkgs.visualstudio.com/1es-public/_packaging/npm-public/npm/registry/whatwg-encoding/-/whatwg-encoding-2.0.0.tgz",
      "integrity": "sha1-52NfWX/YcCCFhiaAWicp+naYrFM=",
      "deprecated": "Use @exodus/bytes instead for a more spec-conformant and faster implementation",
      "dev": true,
      "license": "MIT",
      "dependencies": {
        "iconv-lite": "0.6.3"
      },
      "engines": {
        "node": ">=12"
      }
    }
  }
}
